
Microsoft Visual Studio Solution File, Format Version 12.00
# Visual Studio Version 16
VisualStudioVersion = 16.0.32901.82
MinimumVisualStudioVersion = 10.0.40219.1
Project("{FAE04EC0-301F-11D3-BF4B-00C04F79EFBC}") = "Lesson Practice", "Lesson Practice\Lesson Practice.csproj", "{1396E9AF-CCF3-4F54-82BB-218EB1B0D079}"
EndProject
Global
	GlobalSection(SolutionConfigurationPlatforms) = preSolution
		Debug|Any CPU = Debug|Any CPU
		Release|Any CPU = Release|Any CPU
	EndGlobalSection
	GlobalSection(ProjectConfigurationPlatforms) = postSolution
		{1396E9AF-CCF3-4F54-82BB-218EB1B0D079}.Debug|Any CPU.ActiveCfg = Debug|Any CPU
		{1396E9AF-CCF3-4F54-82BB-218EB1B0D079}.Debug|Any CPU.Build.0 = Debug|Any CPU
		{1396E9AF-CCF3-4F54-82BB-218EB1B0D079}.Release|Any CPU.ActiveCfg = Release|Any CPU
		{1396E9AF-CCF3-4F54-82BB-218EB1B0D079}.Release|Any CPU.Build.0 = Release|Any CPU
	EndGlobalSection
	GlobalSection(SolutionProperties) = preSolution
		HideSolutionNode = FALSE
	EndGlobalSection
	GlobalSection(ExtensibilityGlobals) = postSolution
		SolutionGuid = {0FD1DBC0-5652-46CD-A395-C2B3A3222C57}
	EndGlobalSection
EndGlobal
